
Microsoft Visual Studio Solution File, Format Version 12.00
# Visual Studio Version 16
VisualStudioVersion = 16.0.30413.136
MinimumVisualStudioVersion = 10.0.40219.1
Project("{9A19103F-16F7-4668-BE54-9A1E7A4F7556}") = "01 - Data Access Layer", "01 - Data Access Layer\01 - Data Access Layer.csproj", "{76706078-0E0A-48B7-95DE-D481EC8D0D5E}"
EndProject
Project("{9A19103F-16F7-4668-BE54-9A1E7A4F7556}") = "02 - Business Model Layer", "02 - Business Model Layer\02 - Business Model Layer.csproj", "{9D76278E-ADDA-43B6-A470-E6E4F2EA2233}"
EndProject
Project("{9A19103F-16F7-4668-BE54-9A1E7A4F7556}") = "03 - Business Logic Layer", "03 - Business Logic Layer\03 - Business Logic Layer.csproj", "{26D91D2E-8D01-46AD-B505-A0A8634E84C8}"
EndProject
Project("{9A19103F-16F7-4668-BE54-9A1E7A4F7556}") = "04 - Handle Data Layer", "04 - Handle Data Layer\04 - Handle Data Layer.csproj", "{86DADD1D-DC35-4BBD-8667-4B4E554E13EF}"
EndProject
Project("{9A19103F-16F7-4668-BE54-9A1E7A4F7556}") = "05 - REST API", "05 - REST API\05 - REST API.csproj", "{8754A7E8-AA48-4B02-86EF-9AEBA300AF1C}"
EndProject
Global
	GlobalSection(SolutionConfigurationPlatforms) = preSolution
		Debug|Any CPU = Debug|Any CPU
		Release|Any CPU = Release|Any CPU
	EndGlobalSection
	GlobalSection(ProjectConfigurationPlatforms) = postSolution
		{76706078-0E0A-48B7-95DE-D481EC8D0D5E}.Debug|Any CPU.ActiveCfg = Debug|Any CPU
		{76706078-0E0A-48B7-95DE-D481EC8D0D5E}.Debug|Any CPU.Build.0 = Debug|Any CPU
		{76706078-0E0A-48B7-95DE-D481EC8D0D5E}.Release|Any CPU.ActiveCfg = Release|Any CPU
		{76706078-0E0A-48B7-95DE-D481EC8D0D5E}.Release|Any CPU.Build.0 = Release|Any CPU
		{9D76278E-ADDA-43B6-A470-E6E4F2EA2233}.Debug|Any CPU.ActiveCfg = Debug|Any CPU
		{9D76278E-ADDA-43B6-A470-E6E4F2EA2233}.Debug|Any CPU.Build.0 = Debug|Any CPU
		{9D76278E-ADDA-43B6-A470-E6E4F2EA2233}.Release|Any CPU.ActiveCfg = Release|Any CPU
		{9D76278E-ADDA-43B6-A470-E6E4F2EA2233}.Release|Any CPU.Build.0 = Release|Any CPU
		{26D91D2E-8D01-46AD-B505-A0A8634E84C8}.Debug|Any CPU.ActiveCfg = Debug|Any CPU
		{26D91D2E-8D01-46AD-B505-A0A8634E84C8}.Debug|Any CPU.Build.0 = Debug|Any CPU
		{26D91D2E-8D01-46AD-B505-A0A8634E84C8}.Release|Any CPU.ActiveCfg = Release|Any CPU
		{26D91D2E-8D01-46AD-B505-A0A8634E84C8}.Release|Any CPU.Build.0 = Release|Any CPU
		{86DADD1D-DC35-4BBD-8667-4B4E554E13EF}.Debug|Any CPU.ActiveCfg = Debug|Any CPU
		{86DADD1D-DC35-4BBD-8667-4B4E554E13EF}.Debug|Any CPU.Build.0 = Debug|Any CPU
		{86DADD1D-DC35-4BBD-8667-4B4E554E13EF}.Release|Any CPU.ActiveCfg = Release|Any CPU
		{86DADD1D-DC35-4BBD-8667-4B4E554E13EF}.Release|Any CPU.Build.0 = Release|Any CPU
		{8754A7E8-AA48-4B02-86EF-9AEBA300AF1C}.Debug|Any CPU.ActiveCfg = Debug|Any CPU
		{8754A7E8-AA48-4B02-86EF-9AEBA300AF1C}.Debug|Any CPU.Build.0 = Debug|Any CPU
		{8754A7E8-AA48-4B02-86EF-9AEBA300AF1C}.Release|Any CPU.ActiveCfg = Release|Any CPU
		{8754A7E8-AA48-4B02-86EF-9AEBA300AF1C}.Release|Any CPU.Build.0 = Release|Any CPU
	EndGlobalSection
	GlobalSection(SolutionProperties) = preSolution
		HideSolutionNode = FALSE
	EndGlobalSection
	GlobalSection(ExtensibilityGlobals) = postSolution
		SolutionGuid = {4B363B9A-FE6C-4CBD-BF6A-000EDBB31993}
	EndGlobalSection
EndGlobal
